
Microsoft Visual Studio Solution File, Format Version 12.00
# Visual Studio Version 17
VisualStudioVersion = 17.4.33213.308
MinimumVisualStudioVersion = 10.0.40219.1
Project("{FAE04EC0-301F-11D3-BF4B-00C04F79EFBC}") = "ProfileHub", "ProfileHub\ProfileHub.csproj", "{F133ECB2-C74A-45F4-A201-E1A510F2EE4F}"
EndProject
Global
	GlobalSection(SolutionConfigurationPlatforms) = preSolution
		Debug|Any CPU = Debug|Any CPU
		Release|Any CPU = Release|Any CPU
	EndGlobalSection
	GlobalSection(ProjectConfigurationPlatforms) = postSolution
		{F133ECB2-C74A-45F4-A201-E1A510F2EE4F}.Debug|Any CPU.ActiveCfg = Debug|Any CPU
		{F133ECB2-C74A-45F4-A201-E1A510F2EE4F}.Debug|Any CPU.Build.0 = Debug|Any CPU
		{F133ECB2-C74A-45F4-A201-E1A510F2EE4F}.Release|Any CPU.ActiveCfg = Release|Any CPU
		{F133ECB2-C74A-45F4-A201-E1A510F2EE4F}.Release|Any CPU.Build.0 = Release|Any CPU
	EndGlobalSection
	GlobalSection(SolutionProperties) = preSolution
		HideSolutionNode = FALSE
	EndGlobalSection
	GlobalSection(ExtensibilityGlobals) = postSolution
		SolutionGuid = {7F161E86-AAF4-4079-B4C9-9D107FADE7AF}
	EndGlobalSection
EndGlobal
